# THIS IS AN AUTOGENERATED FILE. DO NOT EDIT THIS FILE DIRECTLY.
# yarn lockfile v1


dayjs@^1.10.7:
  version "1.11.11"
  resolved "https://registry.yarnpkg.com/dayjs/-/dayjs-1.11.11.tgz#dfe0e9d54c5f8b68ccf8ca5f72ac603e7e5ed59e"
  integrity sha512-okzr3f11N6WuqYtZSvm+F776mB41wRZMhKP+hc34YdW+KmtYYK9iqvHSwo2k9FEH3fhGXvOPV6yz2IcSrfRUDg==

tdesign-miniprogram@^1.4.0:
  version "1.4.0"
  resolved "https://registry.yarnpkg.com/tdesign-miniprogram/-/tdesign-miniprogram-1.4.0.tgz#20aa53a640b1f520e4115e97c633df40a93af90b"
  integrity sha512-us2gnKw6cD/tsCsxrL/Mf2qLZuefSzVR60ZhauQO94g010Kv1IDLTYIJo4OEWdUipRovlYuPogxOT4RtAxwJzQ==
  dependencies:
    dayjs "^1.10.7"
